
Microsoft Visual Studio Solution File, Format Version 12.00
# Visual Studio Version 16
VisualStudioVersion = 16.0.30804.86
MinimumVisualStudioVersion = 10.0.40219.1
Project("{FAE04EC0-301F-11D3-BF4B-00C04F79EFBC}") = "Entities", "Entities\Entities.csproj", "{5D7B1A5C-E71A-40A1-BE22-0C59DD15CC15}"
EndProject
Project("{FAE04EC0-301F-11D3-BF4B-00C04F79EFBC}") = "DataAccess", "DataAccess\DataAccess.csproj", "{D44246BE-D283-45D5-945E-F9DB0E4B9CA3}"
EndProject
Project("{FAE04EC0-301F-11D3-BF4B-00C04F79EFBC}") = "Business", "Business\Business.csproj", "{648890D7-5DCF-477B-A0EE-7B43FC61DD31}"
EndProject
Project("{FAE04EC0-301F-11D3-BF4B-00C04F79EFBC}") = "Core", "Core\Core.csproj", "{5244DFD6-00A4-4F67-9F83-086E0DDF960F}"
EndProject
Project("{FAE04EC0-301F-11D3-BF4B-00C04F79EFBC}") = "ConsoleUserInterface", "ConsoleUserInterface\ConsoleUserInterface.csproj", "{7B4B8D59-72DA-44AA-A7EC-CAAF23D26144}"
EndProject
Global
	GlobalSection(SolutionConfigurationPlatforms) = preSolution
		Debug|Any CPU = Debug|Any CPU
		Release|Any CPU = Release|Any CPU
	EndGlobalSection
	GlobalSection(ProjectConfigurationPlatforms) = postSolution
		{5D7B1A5C-E71A-40A1-BE22-0C59DD15CC15}.Debug|Any CPU.ActiveCfg = Debug|Any CPU
		{5D7B1A5C-E71A-40A1-BE22-0C59DD15CC15}.Debug|Any CPU.Build.0 = Debug|Any CPU
		{5D7B1A5C-E71A-40A1-BE22-0C59DD15CC15}.Release|Any CPU.ActiveCfg = Release|Any CPU
		{5D7B1A5C-E71A-40A1-BE22-0C59DD15CC15}.Release|Any CPU.Build.0 = Release|Any CPU
		{D44246BE-D283-45D5-945E-F9DB0E4B9CA3}.Debug|Any CPU.ActiveCfg = Debug|Any CPU
		{D44246BE-D283-45D5-945E-F9DB0E4B9CA3}.Debug|Any CPU.Build.0 = Debug|Any CPU
		{D44246BE-D283-45D5-945E-F9DB0E4B9CA3}.Release|Any CPU.ActiveCfg = Release|Any CPU
		{D44246BE-D283-45D5-945E-F9DB0E4B9CA3}.Release|Any CPU.Build.0 = Release|Any CPU
		{648890D7-5DCF-477B-A0EE-7B43FC61DD31}.Debug|Any CPU.ActiveCfg = Debug|Any CPU
		{648890D7-5DCF-477B-A0EE-7B43FC61DD31}.Debug|Any CPU.Build.0 = Debug|Any CPU
		{648890D7-5DCF-477B-A0EE-7B43FC61DD31}.Release|Any CPU.ActiveCfg = Release|Any CPU
		{648890D7-5DCF-477B-A0EE-7B43FC61DD31}.Release|Any CPU.Build.0 = Release|Any CPU
		{5244DFD6-00A4-4F67-9F83-086E0DDF960F}.Debug|Any CPU.ActiveCfg = Debug|Any CPU
		{5244DFD6-00A4-4F67-9F83-086E0DDF960F}.Debug|Any CPU.Build.0 = Debug|Any CPU
		{5244DFD6-00A4-4F67-9F83-086E0DDF960F}.Release|Any CPU.ActiveCfg = Release|Any CPU
		{5244DFD6-00A4-4F67-9F83-086E0DDF960F}.Release|Any CPU.Build.0 = Release|Any CPU
		{7B4B8D59-72DA-44AA-A7EC-CAAF23D26144}.Debug|Any CPU.ActiveCfg = Debug|Any CPU
		{7B4B8D59-72DA-44AA-A7EC-CAAF23D26144}.Debug|Any CPU.Build.0 = Debug|Any CPU
		{7B4B8D59-72DA-44AA-A7EC-CAAF23D26144}.Release|Any CPU.ActiveCfg = Release|Any CPU
		{7B4B8D59-72DA-44AA-A7EC-CAAF23D26144}.Release|Any CPU.Build.0 = Release|Any CPU
	EndGlobalSection
	GlobalSection(SolutionProperties) = preSolution
		HideSolutionNode = FALSE
	EndGlobalSection
	GlobalSection(ExtensibilityGlobals) = postSolution
		SolutionGuid = {8794695C-E378-4EE9-A1AF-D4195CE8BFB5}
	EndGlobalSection
EndGlobal
